// !$*UTF8*$!
{
	archiveVersion = 1;
	classes = {
	};
	objectVersion = 51;
	objects = {

/* Begin PBXBuildFile section */
		3FF1123D2355517500FE41EC /* AppDelegate.swift in Sources */ = {isa = PBXBuildFile; fileRef = 3FF1123C2355517500FE41EC /* AppDelegate.swift */; };
		3FF1123F2355517500FE41EC /* SceneDelegate.swift in Sources */ = {isa = PBXBuildFile; fileRef = 3FF1123E2355517500FE41EC /* SceneDelegate.swift */; };
		3FF112442355517500FE41EC /* Main.storyboard in Resources */ = {isa = PBXBuildFile; fileRef = 3FF112422355517500FE41EC /* Main.storyboard */; };
		3FF112462355517600FE41EC /* Assets.xcassets in Resources */ = {isa = PBXBuildFile; fileRef = 3FF112452355517600FE41EC /* Assets.xcassets */; };
		3FF112492355517600FE41EC /* LaunchScreen.storyboard in Resources */ = {isa = PBXBuildFile; fileRef = 3FF112472355517600FE41EC /* LaunchScreen.storyboard */; };
		3FF112542355517600FE41EC /* flixTests.swift in Sources */ = {isa = PBXBuildFile; fileRef = 3FF112532355517600FE41EC /* flixTests.swift */; };
		3FF1125F2355517600FE41EC /* flixUITests.swift in Sources */ = {isa = PBXBuildFile; fileRef = 3FF1125E2355517600FE41EC /* flixUITests.swift */; };
		3FF1126D2355535600FE41EC /* MoviesViewController.swift in Sources */ = {isa = PBXBuildFile; fileRef = 3FF1126C2355535600FE41EC /* MoviesViewController.swift */; };
		3FF1126F2355640000FE41EC /* MovieCell.swift in Sources */ = {isa = PBXBuildFile; fileRef = 3FF1126E2355640000FE41EC /* MovieCell.swift */; };
		5D4BB16B2361909E0096BD3E /* MovieDetailsViewController.swift in Sources */ = {isa = PBXBuildFile; fileRef = 5D4BB16A2361909E0096BD3E /* MovieDetailsViewController.swift */; };
		869A6B310246FF00F9328859 /* Pods_flix.framework in Frameworks */ = {isa = PBXBuildFile; fileRef = 005B16267670EB59EA1E2170 /* Pods_flix.framework */; };
		8D3DC61A357395387E4923D8 /* Pods_flix_flixUITests.framework in Frameworks */ = {isa = PBXBuildFile; fileRef = EB9CD47393D003CE82F84643 /* Pods_flix_flixUITests.framework */; };
		C8DA45EC20C200D917D7A6CA /* Pods_flixTests.framework in Frameworks */ = {isa = PBXBuildFile; fileRef = 4ED50FB311AD0DC48D4676BA /* Pods_flixTests.framework */; };
/* End PBXBuildFile section */

/* Begin PBXContainerItemProxy section */
		3FF112502355517600FE41EC /* PBXContainerItemProxy */ = {
			isa = PBXContainerItemProxy;
			containerPortal = 3FF112312355517500FE41EC /* Project object */;
			proxyType = 1;
			remoteGlobalIDString = 3FF112382355517500FE41EC;
			remoteInfo = flix;
		};
		3FF1125B2355517600FE41EC /* PBXContainerItemProxy */ = {
			isa = PBXContainerItemProxy;
			containerPortal = 3FF112312355517500FE41EC /* Project object */;
			proxyType = 1;
			remoteGlobalIDString = 3FF112382355517500FE41EC;
			remoteInfo = flix;
		};
/* End PBXContainerItemProxy section */

/* Begin PBXFileReference section */
		005B16267670EB59EA1E2170 /* Pods_flix.framework */ = {isa = PBXFileReference; explicitFileType = wrapper.framework; includeInIndex = 0; path = Pods_flix.framework; sourceTree = BUILT_PRODUCTS_DIR; };
		3FF112392355517500FE41EC /* flix.app */ = {isa = PBXFileReference; explicitFileType = wrapper.application; includeInIndex = 0; path = flix.app; sourceTree = BUILT_PRODUCTS_DIR; };
		3FF1123C2355517500FE41EC /* AppDelegate.swift */ = {isa = PBXFileReference; lastKnownFileType = sourcecode.swift; path = AppDelegate.swift; sourceTree = "<group>"; };
		3FF1123E2355517500FE41EC /* SceneDelegate.swift */ = {isa = PBXFileReference; lastKnownFileType = sourcecode.swift; path = SceneDelegate.swift; sourceTree = "<group>"; };
		3FF112432355517500FE41EC /* Base */ = {isa = PBXFileReference; lastKnownFileType = file.storyboard; name = Base; path = Base.lproj/Main.storyboard; sourceTree = "<group>"; };
		3FF112452355517600FE41EC /* Assets.xcassets */ = {isa = PBXFileReference; lastKnownFileType = folder.assetcatalog; path = Assets.xcassets; sourceTree = "<group>"; };
		3FF112482355517600FE41EC /* Base */ = {isa = PBXFileReference; lastKnownFileType = file.storyboard; name = Base; path = Base.lproj/LaunchScreen.storyboard; sourceTree = "<group>"; };
		3FF1124A2355517600FE41EC /* Info.plist */ = {isa = PBXFileReference; lastKnownFileType = text.plist.xml; path = Info.plist; sourceTree = "<group>"; };
		3FF1124F2355517600FE41EC /* flixTests.xctest */ = {isa = PBXFileReference; explicitFileType = wrapper.cfbundle; includeInIndex = 0; path = flixTests.xctest; sourceTree = BUILT_PRODUCTS_DIR; };
		3FF112532355517600FE41EC /* flixTests.swift */ = {isa = PBXFileReference; lastKnownFileType = sourcecode.swift; path = flixTests.swift; sourceTree = "<group>"; };
		3FF112552355517600FE41EC /* Info.plist */ = {isa = PBXFileReference; lastKnownFileType = text.plist.xml; path = Info.plist; sourceTree = "<group>"; };
		3FF1125A2355517600FE41EC /* flixUITests.xctest */ = {isa = PBXFileReference; explicitFileType = wrapper.cfbundle; includeInIndex = 0; path = flixUITests.xctest; sourceTree = BUILT_PRODUCTS_DIR; };
		3FF1125E2355517600FE41EC /* flixUITests.swift */ = {isa = PBXFileReference; lastKnownFileType = sourcecode.swift; path = flixUITests.swift; sourceTree = "<group>"; };
		3FF112602355517600FE41EC /* Info.plist */ = {isa = PBXFileReference; lastKnownFileType = text.plist.xml; path = Info.plist; sourceTree = "<group>"; };
		3FF1126C2355535600FE41EC /* MoviesViewController.swift */ = {isa = PBXFileReference; lastKnownFileType = sourcecode.swift; path = MoviesViewController.swift; sourceTree = "<group>"; };
		3FF1126E2355640000FE41EC /* MovieCell.swift */ = {isa = PBXFileReference; lastKnownFileType = sourcecode.swift; path = MovieCell.swift; sourceTree = "<group>"; };
		4ED50FB311AD0DC48D4676BA /* Pods_flixTests.framework */ = {isa = PBXFileReference; explicitFileType = wrapper.framework; includeInIndex = 0; path = Pods_flixTests.framework; sourceTree = BUILT_PRODUCTS_DIR; };
		56C30DA54F0BC31EBA63403E /* Pods-flix-flixUITests.release.xcconfig */ = {isa = PBXFileReference; includeInIndex = 1; lastKnownFileType = text.xcconfig; name = "Pods-flix-flixUITests.release.xcconfig"; path = "Target Support Files/Pods-flix-flixUITests/Pods-flix-flixUITests.release.xcconfig"; sourceTree = "<group>"; };
		5D4BB16A2361909E0096BD3E /* MovieDetailsViewController.swift */ = {isa = PBXFileReference; lastKnownFileType = sourcecode.swift; path = MovieDetailsViewController.swift; sourceTree = "<group>"; };
		660AB127D7EA7CEFE7B9AAED /* Pods-flixTests.debug.xcconfig */ = {isa = PBXFileReference; includeInIndex = 1; lastKnownFileType = text.xcconfig; name = "Pods-flixTests.debug.xcconfig"; path = "Target Support Files/Pods-flixTests/Pods-flixTests.debug.xcconfig"; sourceTree = "<group>"; };
		733B2B3B72A79A91EF5ADA4A /* Pods-flixTests.release.xcconfig */ = {isa = PBXFileReference; includeInIndex = 1; lastKnownFileType = text.xcconfig; name = "Pods-flixTests.release.xcconfig"; path = "Target Support Files/Pods-flixTests/Pods-flixTests.release.xcconfig"; sourceTree = "<group>"; };
		7FD10802F2E882DB0817D720 /* Pods-flix-flixUITests.debug.xcconfig */ = {isa = PBXFileReference; includeInIndex = 1; lastKnownFileType = text.xcconfig; name = "Pods-flix-flixUITests.debug.xcconfig"; path = "Target Support Files/Pods-flix-flixUITests/Pods-flix-flixUITests.debug.xcconfig"; sourceTree = "<group>"; };
		8A2BEC48C0CEECC032E61554 /* Pods-flix.debug.xcconfig */ = {isa = PBXFileReference; includeInIndex = 1; lastKnownFileType = text.xcconfig; name = "Pods-flix.debug.xcconfig"; path = "Target Support Files/Pods-flix/Pods-flix.debug.xcconfig"; sourceTree = "<group>"; };
		BEFFB35AB8DBB00C40B36685 /* Pods-flix.release.xcconfig */ = {isa = PBXFileReference; includeInIndex = 1; lastKnownFileType = text.xcconfig; name = "Pods-flix.release.xcconfig"; path = "Target Support Files/Pods-flix/Pods-flix.release.xcconfig"; sourceTree = "<group>"; };
		EB9CD47393D003CE82F84643 /* Pods_flix_flixUITests.framework */ = {isa = PBXFileReference; explicitFileType = wrapper.framework; includeInIndex = 0; path = Pods_flix_flixUITests.framework; sourceTree = BUILT_PRODUCTS_DIR; };
/* End PBXFileReference section */

/* Begin PBXFrameworksBuildPhase section */
		3FF112362355517500FE41EC /* Frameworks */ = {
			isa = PBXFrameworksBuildPhase;
			buildActionMask = 2147483647;
			files = (
				869A6B310246FF00F9328859 /* Pods_flix.framework in Frameworks */,
			);
			runOnlyForDeploymentPostprocessing = 0;
		};
		3FF1124C2355517600FE41EC /* Frameworks */ = {
			isa = PBXFrameworksBuildPhase;
			buildActionMask = 2147483647;
			files = (
				C8DA45EC20C200D917D7A6CA /* Pods_flixTests.framework in Frameworks */,
			);
			runOnlyForDeploymentPostprocessing = 0;
		};
		3FF112572355517600FE41EC /* Frameworks */ = {
			isa = PBXFrameworksBuildPhase;
			buildActionMask = 2147483647;
			files = (
				8D3DC61A357395387E4923D8 /* Pods_flix_flixUITests.framework in Frameworks */,
			);
			runOnlyForDeploymentPostprocessing = 0;
		};
/* End PBXFrameworksBuildPhase section */

/* Begin PBXGroup section */
		3FF112302355517500FE41EC = {
			isa = PBXGroup;
			children = (
				3FF1123B2355517500FE41EC /* flix */,
				3FF112522355517600FE41EC /* flixTests */,
				3FF1125D2355517600FE41EC /* flixUITests */,
				3FF1123A2355517500FE41EC /* Products */,
				6E3773A7D3A431C0B2670DC2 /* Pods */,
				ECF2F9DF16CB4D0EEE0C6A4D /* Frameworks */,
			);
			sourceTree = "<group>";
		};
		3FF1123A2355517500FE41EC /* Products */ = {
			isa = PBXGroup;
			children = (
				3FF112392355517500FE41EC /* flix.app */,
				3FF1124F2355517600FE41EC /* flixTests.xctest */,
				3FF1125A2355517600FE41EC /* flixUITests.xctest */,
			);
			name = Products;
			sourceTree = "<group>";
		};
		3FF1123B2355517500FE41EC /* flix */ = {
			isa = PBXGroup;
			children = (
				3FF1123C2355517500FE41EC /* AppDelegate.swift */,
				3FF1126C2355535600FE41EC /* MoviesViewController.swift */,
				3FF1123E2355517500FE41EC /* SceneDelegate.swift */,
				3FF112422355517500FE41EC /* Main.storyboard */,
				5D4BB16A2361909E0096BD3E /* MovieDetailsViewController.swift */,
				3FF1126E2355640000FE41EC /* MovieCell.swift */,
				3FF112452355517600FE41EC /* Assets.xcassets */,
				3FF112472355517600FE41EC /* LaunchScreen.storyboard */,
				3FF1124A2355517600FE41EC /* Info.plist */,
			);
			path = flix;
			sourceTree = "<group>";
		};
		3FF112522355517600FE41EC /* flixTests */ = {
			isa = PBXGroup;
			children = (
				3FF112532355517600FE41EC /* flixTests.swift */,
				3FF112552355517600FE41EC /* Info.plist */,
			);
			path = flixTests;
			sourceTree = "<group>";
		};
		3FF1125D2355517600FE41EC /* flixUITests */ = {
			isa = PBXGroup;
			children = (
				3FF1125E2355517600FE41EC /* flixUITests.swift */,
				3FF112602355517600FE41EC /* Info.plist */,
			);
			path = flixUITests;
			sourceTree = "<group>";
		};
		6E3773A7D3A431C0B2670DC2 /* Pods */ = {
			isa = PBXGroup;
			children = (
				8A2BEC48C0CEECC032E61554 /* Pods-flix.debug.xcconfig */,
				BEFFB35AB8DBB00C40B36685 /* Pods-flix.release.xcconfig */,
				7FD10802F2E882DB0817D720 /* Pods-flix-flixUITests.debug.xcconfig */,
				56C30DA54F0BC31EBA63403E /* Pods-flix-flixUITests.release.xcconfig */,
				660AB127D7EA7CEFE7B9AAED /* Pods-flixTests.debug.xcconfig */,
				733B2B3B72A79A91EF5ADA4A /* Pods-flixTests.release.xcconfig */,
			);
			path = Pods;
			sourceTree = "<group>";
		};
		ECF2F9DF16CB4D0EEE0C6A4D /* Frameworks */ = {
			isa = PBXGroup;
			children = (
				005B16267670EB59EA1E2170 /* Pods_flix.framework */,
				EB9CD47393D003CE82F84643 /* Pods_flix_flixUITests.framework */,
				4ED50FB311AD0DC48D4676BA /* Pods_flixTests.framework */,
			);
			name = Frameworks;
			sourceTree = "<group>";
		};
/* End PBXGroup section */

/* Begin PBXNativeTarget section */
		3FF112382355517500FE41EC /* flix */ = {
			isa = PBXNativeTarget;
			buildConfigurationList = 3FF112632355517600FE41EC /* Build configuration list for PBXNativeTarget "flix" */;
			buildPhases = (
				8DC164ACA000973909C4E219 /* [CP] Check Pods Manifest.lock */,
				3FF112352355517500FE41EC /* Sources */,
				3FF112362355517500FE41EC /* Frameworks */,
				3FF112372355517500FE41EC /* Resources */,
				EAB9A26111DBB1C65A317704 /* [CP] Embed Pods Frameworks */,
			);
			buildRules = (
			);
			dependencies = (
			);
			name = flix;
			productName = flix;
			productReference = 3FF112392355517500FE41EC /* flix.app */;
			productType = "com.apple.product-type.application";
		};
		3FF1124E2355517600FE41EC /* flixTests */ = {
			isa = PBXNativeTarget;
			buildConfigurationList = 3FF112662355517600FE41EC /* Build configuration list for PBXNativeTarget "flixTests" */;
			buildPhases = (
				0F09C5860ECDC85CF42B3138 /* [CP] Check Pods Manifest.lock */,
				3FF1124B2355517600FE41EC /* Sources */,
				3FF1124C2355517600FE41EC /* Frameworks */,
				3FF1124D2355517600FE41EC /* Resources */,
			);
			buildRules = (
			);
			dependencies = (
				3FF112512355517600FE41EC /* PBXTargetDependency */,
			);
			name = flixTests;
			productName = flixTests;
			productReference = 3FF1124F2355517600FE41EC /* flixTests.xctest */;
			productType = "com.apple.product-type.bundle.unit-test";
		};
		3FF112592355517600FE41EC /* flixUITests */ = {
			isa = PBXNativeTarget;
			buildConfigurationList = 3FF112692355517600FE41EC /* Build configuration list for PBXNativeTarget "flixUITests" */;
			buildPhases = (
				CC86E90C4E016BF6032F4910 /* [CP] Check Pods Manifest.lock */,
				3FF112562355517600FE41EC /* Sources */,
				3FF112572355517600FE41EC /* Frameworks */,
				3FF112582355517600FE41EC /* Resources */,
				F1DE150B18D93874199DDD5B /* [CP] Embed Pods Frameworks */,
			);
			buildRules = (
			);
			dependencies = (
				3FF1125C2355517600FE41EC /* PBXTargetDependency */,
			);
			name = flixUITests;
			productName = flixUITests;
			productReference = 3FF1125A2355517600FE41EC /* flixUITests.xctest */;
			productType = "com.apple.product-type.bundle.ui-testing";
		};
/* End PBXNativeTarget section */

/* Begin PBXProject section */
		3FF112312355517500FE41EC /* Project object */ = {
			isa = PBXProject;
			attributes = {
				LastSwiftUpdateCheck = 1100;
				LastUpgradeCheck = 1100;
				ORGANIZATIONNAME = "Regina Bass";
				TargetAttributes = {
					3FF112382355517500FE41EC = {
						CreatedOnToolsVersion = 11.0;
					};
					3FF1124E2355517600FE41EC = {
						CreatedOnToolsVersion = 11.0;
						TestTargetID = 3FF112382355517500FE41EC;
					};
					3FF112592355517600FE41EC = {
						CreatedOnToolsVersion = 11.0;
						TestTargetID = 3FF112382355517500FE41EC;
					};
				};
			};
			buildConfigurationList = 3FF112342355517500FE41EC /* Build configuration list for PBXProject "flix" */;
			compatibilityVersion = "Xcode 9.3";
			developmentRegion = en;
			hasScannedForEncodings = 0;
			knownRegions = (
				en,
				Base,
			);
			mainGroup = 3FF112302355517500FE41EC;
			productRefGroup = 3FF1123A2355517500FE41EC /* Products */;
			projectDirPath = "";
			projectRoot = "";
			targets = (
				3FF112382355517500FE41EC /* flix */,
				3FF1124E2355517600FE41EC /* flixTests */,
				3FF112592355517600FE41EC /* flixUITests */,
			);
		};
/* End PBXProject section */

/* Begin PBXResourcesBuildPhase section */
		3FF112372355517500FE41EC /* Resources */ = {
			isa = PBXResourcesBuildPhase;
			buildActionMask = 2147483647;
			files = (
				3FF112492355517600FE41EC /* LaunchScreen.storyboard in Resources */,
				3FF112462355517600FE41EC /* Assets.xcassets in Resources */,
				3FF112442355517500FE41EC /* Main.storyboard in Resources */,
			);
			runOnlyForDeploymentPostprocessing = 0;
		};
		3FF1124D2355517600FE41EC /* Resources */ = {
			isa = PBXResourcesBuildPhase;
			buildActionMask = 2147483647;
			files = (
			);
			runOnlyForDeploymentPostprocessing = 0;
		};
		3FF112582355517600FE41EC /* Resources */ = {
			isa = PBXResourcesBuildPhase;
			buildActionMask = 2147483647;
			files = (
			);
			runOnlyForDeploymentPostprocessing = 0;
		};
/* End PBXResourcesBuildPhase section */

/* Begin PBXShellScriptBuildPhase section */
		0F09C5860ECDC85CF42B3138 /* [CP] Check Pods Manifest.lock */ = {
			isa = PBXShellScriptBuildPhase;
			buildActionMask = 2147483647;
			files = (
			);
			inputFileListPaths = (
			);
			inputPaths = (
				"${PODS_PODFILE_DIR_PATH}/Podfile.lock",
				"${PODS_ROOT}/Manifest.lock",
			);
			name = "[CP] Check Pods Manifest.lock";
			outputFileListPaths = (
			);
			outputPaths = (
				"$(DERIVED_FILE_DIR)/Pods-flixTests-checkManifestLockResult.txt",
			);
			runOnlyForDeploymentPostprocessing = 0;
			shellPath = /bin/sh;
			shellScript = "diff \"${PODS_PODFILE_DIR_PATH}/Podfile.lock\" \"${PODS_ROOT}/Manifest.lock\" > /dev/null\nif [ $? != 0 ] ; then\n    # print error to STDERR\n    echo \"error: The sandbox is not in sync with the Podfile.lock. Run 'pod install' or update your CocoaPods installation.\" >&2\n    exit 1\nfi\n# This output is used by Xcode 'outputs' to avoid re-running this script phase.\necho \"SUCCESS\" > \"${SCRIPT_OUTPUT_FILE_0}\"\n";
			showEnvVarsInLog = 0;
		};
		8DC164ACA000973909C4E219 /* [CP] Check Pods Manifest.lock */ = {
			isa = PBXShellScriptBuildPhase;
			buildActionMask = 2147483647;
			files = (
			);
			inputFileListPaths = (
			);
			inputPaths = (
				"${PODS_PODFILE_DIR_PATH}/Podfile.lock",
				"${PODS_ROOT}/Manifest.lock",
			);
			name = "[CP] Check Pods Manifest.lock";
			outputFileListPaths = (
			);
			outputPaths = (
				"$(DERIVED_FILE_DIR)/Pods-flix-checkManifestLockResult.txt",
			);
			runOnlyForDeploymentPostprocessing = 0;
			shellPath = /bin/sh;
			shellScript = "diff \"${PODS_PODFILE_DIR_PATH}/Podfile.lock\" \"${PODS_ROOT}/Manifest.lock\" > /dev/null\nif [ $? != 0 ] ; then\n    # print error to STDERR\n    echo \"error: The sandbox is not in sync with the Podfile.lock. Run 'pod install' or update your CocoaPods installation.\" >&2\n    exit 1\nfi\n# This output is used by Xcode 'outputs' to avoid re-running this script phase.\necho \"SUCCESS\" > \"${SCRIPT_OUTPUT_FILE_0}\"\n";
			showEnvVarsInLog = 0;
		};
		CC86E90C4E016BF6032F4910 /* [CP] Check Pods Manifest.lock */ = {
			isa = PBXShellScriptBuildPhase;
			buildActionMask = 2147483647;
			files = (
			);
			inputFileListPaths = (
			);
			inputPaths = (
				"${PODS_PODFILE_DIR_PATH}/Podfile.lock",
				"${PODS_ROOT}/Manifest.lock",
			);
			name = "[CP] Check Pods Manifest.lock";
			outputFileListPaths = (
			);
			outputPaths = (
				"$(DERIVED_FILE_DIR)/Pods-flix-flixUITests-checkManifestLockResult.txt",
			);
			runOnlyForDeploymentPostprocessing = 0;
			shellPath = /bin/sh;
			shellScript = "diff \"${PODS_PODFILE_DIR_PATH}/Podfile.lock\" \"${PODS_ROOT}/Manifest.lock\" > /dev/null\nif [ $? != 0 ] ; then\n    # print error to STDERR\n    echo \"error: The sandbox is not in sync with the Podfile.lock. Run 'pod install' or update your CocoaPods installation.\" >&2\n    exit 1\nfi\n# This output is used by Xcode 'outputs' to avoid re-running this script phase.\necho \"SUCCESS\" > \"${SCRIPT_OUTPUT_FILE_0}\"\n";
			showEnvVarsInLog = 0;
		};
		EAB9A26111DBB1C65A317704 /* [CP] Embed Pods Frameworks */ = {
			isa = PBXShellScriptBuildPhase;
			buildActionMask = 2147483647;
			files = (
			);
			inputFileListPaths = (
				"${PODS_ROOT}/Target Support Files/Pods-flix/Pods-flix-frameworks-${CONFIGURATION}-input-files.xcfilelist",
			);
			name = "[CP] Embed Pods Frameworks";
			outputFileListPaths = (
				"${PODS_ROOT}/Target Support Files/Pods-flix/Pods-flix-frameworks-${CONFIGURATION}-output-files.xcfilelist",
			);
			runOnlyForDeploymentPostprocessing = 0;
			shellPath = /bin/sh;
			shellScript = "\"${PODS_ROOT}/Target Support Files/Pods-flix/Pods-flix-frameworks.sh\"\n";
			showEnvVarsInLog = 0;
		};
		F1DE150B18D93874199DDD5B /* [CP] Embed Pods Frameworks */ = {
			isa = PBXShellScriptBuildPhase;
			buildActionMask = 2147483647;
			files = (
			);
			inputFileListPaths = (
				"${PODS_ROOT}/Target Support Files/Pods-flix-flixUITests/Pods-flix-flixUITests-frameworks-${CONFIGURATION}-input-files.xcfilelist",
			);
			name = "[CP] Embed Pods Frameworks";
			outputFileListPaths = (
				"${PODS_ROOT}/Target Support Files/Pods-flix-flixUITests/Pods-flix-flixUITests-frameworks-${CONFIGURATION}-output-files.xcfilelist",
			);
			runOnlyForDeploymentPostprocessing = 0;
			shellPath = /bin/sh;
			shellScript = "\"${PODS_ROOT}/Target Support Files/Pods-flix-flixUITests/Pods-flix-flixUITests-frameworks.sh\"\n";
			showEnvVarsInLog = 0;
		};
/* End PBXShellScriptBuildPhase section */

/* Begin PBXSourcesBuildPhase section */
		3FF112352355517500FE41EC /* Sources */ = {
			isa = PBXSourcesBuildPhase;
			buildActionMask = 2147483647;
			files = (
				3FF1123D2355517500FE41EC /* AppDelegate.swift in Sources */,
				3FF1123F2355517500FE41EC /* SceneDelegate.swift in Sources */,
				5D4BB16B2361909E0096BD3E /* MovieDetailsViewController.swift in Sources */,
				3FF1126F2355640000FE41EC /* MovieCell.swift in Sources */,
				3FF1126D2355535600FE41EC /* MoviesViewController.swift in Sources */,
			);
			runOnlyForDeploymentPostprocessing = 0;
		};
		3FF1124B2355517600FE41EC /* Sources */ = {
			isa = PBXSourcesBuildPhase;
			buildActionMask = 2147483647;
			files = (
				3FF112542355517600FE41EC /* flixTests.swift in Sources */,
			);
			runOnlyForDeploymentPostprocessing = 0;
		};
		3FF112562355517600FE41EC /* Sources */ = {
			isa = PBXSourcesBuildPhase;
			buildActionMask = 2147483647;
			files = (
				3FF1125F2355517600FE41EC /* flixUITests.swift in Sources */,
			);
			runOnlyForDeploymentPostprocessing = 0;
		};
/* End PBXSourcesBuildPhase section */

/* Begin PBXTargetDependency section */
		3FF112512355517600FE41EC /* PBXTargetDependency */ = {
			isa = PBXTargetDependency;
			target = 3FF112382355517500FE41EC /* flix */;
			targetProxy = 3FF112502355517600FE41EC /* PBXContainerItemProxy */;
		};
		3FF1125C2355517600FE41EC /* PBXTargetDependency */ = {
			isa = PBXTargetDependency;
			target = 3FF112382355517500FE41EC /* flix */;
			targetProxy = 3FF1125B2355517600FE41EC /* PBXContainerItemProxy */;
		};
/* End PBXTargetDependency section */

/* Begin PBXVariantGroup section */
		3FF112422355517500FE41EC /* Main.storyboard */ = {
			isa = PBXVariantGroup;
			children = (
				3FF112432355517500FE41EC /* Base */,
			);
			name = Main.storyboard;
			sourceTree = "<group>";
		};
		3FF112472355517600FE41EC /* LaunchScreen.storyboard */ = {
			isa = PBXVariantGroup;
			children = (
				3FF112482355517600FE41EC /* Base */,
			);
			name = LaunchScreen.storyboard;
			sourceTree = "<group>";
		};
/* End PBXVariantGroup section */

/* Begin XCBuildConfiguration section */
		3FF112612355517600FE41EC /* Debug */ = {
			isa = XCBuildConfiguration;
			buildSettings = {
				ALWAYS_SEARCH_USER_PATHS = NO;
				CLANG_ANALYZER_NONNULL = YES;
				CLANG_ANALYZER_NUMBER_OBJECT_CONVERSION = YES_AGGRESSIVE;
				CLANG_CXX_LANGUAGE_STANDARD = "gnu++14";
				CLANG_CXX_LIBRARY = "libc++";
				CLANG_ENABLE_MODULES = YES;
				CLANG_ENABLE_OBJC_ARC = YES;
				CLANG_ENABLE_OBJC_WEAK = YES;
				CLANG_WARN_BLOCK_CAPTURE_AUTORELEASING = YES;
				CLANG_WARN_BOOL_CONVERSION = YES;
				CLANG_WARN_COMMA = YES;
				CLANG_WARN_CONSTANT_CONVERSION = YES;
				CLANG_WARN_DEPRECATED_OBJC_IMPLEMENTATIONS = YES;
				CLANG_WARN_DIRECT_OBJC_ISA_USAGE = YES_ERROR;
				CLANG_WARN_DOCUMENTATION_COMMENTS = YES;
				CLANG_WARN_EMPTY_BODY = YES;
				CLANG_WARN_ENUM_CONVERSION = YES;
				CLANG_WARN_INFINITE_RECURSION = YES;
				CLANG_WARN_INT_CONVERSION = YES;
				CLANG_WARN_NON_LITERAL_NULL_CONVERSION = YES;
				CLANG_WARN_OBJC_IMPLICIT_RETAIN_SELF = YES;
				CLANG_WARN_OBJC_LITERAL_CONVERSION = YES;
				CLANG_WARN_OBJC_ROOT_CLASS = YES_ERROR;
				CLANG_WARN_RANGE_LOOP_ANALYSIS = YES;
				CLANG_WARN_STRICT_PROTOTYPES = YES;
				CLANG_WARN_SUSPICIOUS_MOVE = YES;
				CLANG_WARN_UNGUARDED_AVAILABILITY = YES_AGGRESSIVE;
				CLANG_WARN_UNREACHABLE_CODE = YES;
				CLANG_WARN__DUPLICATE_METHOD_MATCH = YES;
				COPY_PHASE_STRIP = NO;
				DEBUG_INFORMATION_FORMAT = dwarf;
				ENABLE_STRICT_OBJC_MSGSEND = YES;
				ENABLE_TESTABILITY = YES;
				GCC_C_LANGUAGE_STANDARD = gnu11;
				GCC_DYNAMIC_NO_PIC = NO;
				GCC_NO_COMMON_BLOCKS = YES;
				GCC_OPTIMIZATION_LEVEL = 0;
				GCC_PREPROCESSOR_DEFINITIONS = (
					"DEBUG=1",
					"$(inherited)",
				);
				GCC_WARN_64_TO_32_BIT_CONVERSION = YES;
				GCC_WARN_ABOUT_RETURN_TYPE = YES_ERROR;
				GCC_WARN_UNDECLARED_SELECTOR = YES;
				GCC_WARN_UNINITIALIZED_AUTOS = YES_AGGRESSIVE;
				GCC_WARN_UNUSED_FUNCTION = YES;
				GCC_WARN_UNUSED_VARIABLE = YES;
				IPHONEOS_DEPLOYMENT_TARGET = 13.0;
				MTL_ENABLE_DEBUG_INFO = INCLUDE_SOURCE;
				MTL_FAST_MATH = YES;
				ONLY_ACTIVE_ARCH = YES;
				SDKROOT = iphoneos;
				SWIFT_ACTIVE_COMPILATION_CONDITIONS = DEBUG;
				SWIFT_OPTIMIZATION_LEVEL = "-Onone";
			};
			name = Debug;
		};
		3FF112622355517600FE41EC /* Release */ = {
			isa = XCBuildConfiguration;
			buildSettings = {
				ALWAYS_SEARCH_USER_PATHS = NO;
				CLANG_ANALYZER_NONNULL = YES;
				CLANG_ANALYZER_NUMBER_OBJECT_CONVERSION = YES_AGGRESSIVE;
				CLANG_CXX_LANGUAGE_STANDARD = "gnu++14";
				CLANG_CXX_LIBRARY = "libc++";
				CLANG_ENABLE_MODULES = YES;
				CLANG_ENABLE_OBJC_ARC = YES;
				CLANG_ENABLE_OBJC_WEAK = YES;
				CLANG_WARN_BLOCK_CAPTURE_AUTORELEASING = YES;
				CLANG_WARN_BOOL_CONVERSION = YES;
				CLANG_WARN_COMMA = YES;
				CLANG_WARN_CONSTANT_CONVERSION = YES;
				CLANG_WARN_DEPRECATED_OBJC_IMPLEMENTATIONS = YES;
				CLANG_WARN_DIRECT_OBJC_ISA_USAGE = YES_ERROR;
				CLANG_WARN_DOCUMENTATION_COMMENTS = YES;
				CLANG_WARN_EMPTY_BODY = YES;
				CLANG_WARN_ENUM_CONVERSION = YES;
				CLANG_WARN_INFINITE_RECURSION = YES;
				CLANG_WARN_INT_CONVERSION = YES;
				CLANG_WARN_NON_LITERAL_NULL_CONVERSION = YES;
				CLANG_WARN_OBJC_IMPLICIT_RETAIN_SELF = YES;
				CLANG_WARN_OBJC_LITERAL_CONVERSION = YES;
				CLANG_WARN_OBJC_ROOT_CLASS = YES_ERROR;
				CLANG_WARN_RANGE_LOOP_ANALYSIS = YES;
				CLANG_WARN_STRICT_PROTOTYPES = YES;
				CLANG_WARN_SUSPICIOUS_MOVE = YES;
				CLANG_WARN_UNGUARDED_AVAILABILITY = YES_AGGRESSIVE;
				CLANG_WARN_UNREACHABLE_CODE = YES;
				CLANG_WARN__DUPLICATE_METHOD_MATCH = YES;
				COPY_PHASE_STRIP = NO;
				DEBUG_INFORMATION_FORMAT = "dwarf-with-dsym";
				ENABLE_NS_ASSERTIONS = NO;
				ENABLE_STRICT_OBJC_MSGSEND = YES;
				GCC_C_LANGUAGE_STANDARD = gnu11;
				GCC_NO_COMMON_BLOCKS = YES;
				GCC_WARN_64_TO_32_BIT_CONVERSION = YES;
				GCC_WARN_ABOUT_RETURN_TYPE = YES_ERROR;
				GCC_WARN_UNDECLARED_SELECTOR = YES;
				GCC_WARN_UNINITIALIZED_AUTOS = YES_AGGRESSIVE;
				GCC_WARN_UNUSED_FUNCTION = YES;
				GCC_WARN_UNUSED_VARIABLE = YES;
				IPHONEOS_DEPLOYMENT_TARGET = 13.0;
				MTL_ENABLE_DEBUG_INFO = NO;
				MTL_FAST_MATH = YES;
				SDKROOT = iphoneos;
				SWIFT_COMPILATION_MODE = wholemodule;
				SWIFT_OPTIMIZATION_LEVEL = "-O";
				VALIDATE_PRODUCT = YES;
			};
			name = Release;
		};
		3FF112642355517600FE41EC /* Debug */ = {
			isa = XCBuildConfiguration;
			baseConfigurationReference = 8A2BEC48C0CEECC032E61554 /* Pods-flix.debug.xcconfig */;
			buildSettings = {
				ASSETCATALOG_COMPILER_APPICON_NAME = AppIcon;
				CODE_SIGN_STYLE = Automatic;
				DEVELOPMENT_TEAM = 78UQ4628NC;
				INFOPLIST_FILE = flix/Info.plist;
				LD_RUNPATH_SEARCH_PATHS = (
					"$(inherited)",
					"@executable_path/Frameworks",
				);
				PRODUCT_BUNDLE_IDENTIFIER = Bass.Regina.flix;
				PRODUCT_NAME = "$(TARGET_NAME)";
				SWIFT_VERSION = 5.0;
				TARGETED_DEVICE_FAMILY = "1,2";
			};
			name = Debug;
		};
		3FF112652355517600FE41EC /* Release */ = {
			isa = XCBuildConfiguration;
			baseConfigurationReference = BEFFB35AB8DBB00C40B36685 /* Pods-flix.release.xcconfig */;
			buildSettings = {
				ASSETCATALOG_COMPILER_APPICON_NAME = AppIcon;
				CODE_SIGN_STYLE = Automatic;
				DEVELOPMENT_TEAM = 78UQ4628NC;
				INFOPLIST_FILE = flix/Info.plist;
				LD_RUNPATH_SEARCH_PATHS = (
					"$(inherited)",
					"@executable_path/Frameworks",
				);
				PRODUCT_BUNDLE_IDENTIFIER = Bass.Regina.flix;
				PRODUCT_NAME = "$(TARGET_NAME)";
				SWIFT_VERSION = 5.0;
				TARGETED_DEVICE_FAMILY = "1,2";
			};
			name = Release;
		};
		3FF112672355517600FE41EC /* Debug */ = {
			isa = XCBuildConfiguration;
			baseConfigurationReference = 660AB127D7EA7CEFE7B9AAED /* Pods-flixTests.debug.xcconfig */;
			buildSettings = {
				ALWAYS_EMBED_SWIFT_STANDARD_LIBRARIES = YES;
				BUNDLE_LOADER = "$(TEST_HOST)";
				CODE_SIGN_STYLE = Automatic;
				INFOPLIST_FILE = flixTests/Info.plist;
				IPHONEOS_DEPLOYMENT_TARGET = 13.0;
				LD_RUNPATH_SEARCH_PATHS = (
					"$(inherited)",
					"@executable_path/Frameworks",
					"@loader_path/Frameworks",
				);
				PRODUCT_BUNDLE_IDENTIFIER = Bass.Regina.flixTests;
				PRODUCT_NAME = "$(TARGET_NAME)";
				SWIFT_VERSION = 5.0;
				TARGETED_DEVICE_FAMILY = "1,2";
				TEST_HOST = "$(BUILT_PRODUCTS_DIR)/flix.app/flix";
			};
			name = Debug;
		};
		3FF112682355517600FE41EC /* Release */ = {
			isa = XCBuildConfiguration;
			baseConfigurationReference = 733B2B3B72A79A91EF5ADA4A /* Pods-flixTests.release.xcconfig */;
			buildSettings = {
				ALWAYS_EMBED_SWIFT_STANDARD_LIBRARIES = YES;
				BUNDLE_LOADER = "$(TEST_HOST)";
				CODE_SIGN_STYLE = Automatic;
				INFOPLIST_FILE = flixTests/Info.plist;
				IPHONEOS_DEPLOYMENT_TARGET = 13.0;
				LD_RUNPATH_SEARCH_PATHS = (
					"$(inherited)",
					"@executable_path/Frameworks",
					"@loader_path/Frameworks",
				);
				PRODUCT_BUNDLE_IDENTIFIER = Bass.Regina.flixTests;
				PRODUCT_NAME = "$(TARGET_NAME)";
				SWIFT_VERSION = 5.0;
				TARGETED_DEVICE_FAMILY = "1,2";
				TEST_HOST = "$(BUILT_PRODUCTS_DIR)/flix.app/flix";
			};
			name = Release;
		};
		3FF1126A2355517600FE41EC /* Debug */ = {
			isa = XCBuildConfiguration;
			baseConfigurationReference = 7FD10802F2E882DB0817D720 /* Pods-flix-flixUITests.debug.xcconfig */;
			buildSettings = {
				ALWAYS_EMBED_SWIFT_STANDARD_LIBRARIES = YES;
				CODE_SIGN_STYLE = Automatic;
				INFOPLIST_FILE = flixUITests/Info.plist;
				LD_RUNPATH_SEARCH_PATHS = (
					"$(inherited)",
					"@executable_path/Frameworks",
					"@loader_path/Frameworks",
				);
				PRODUCT_BUNDLE_IDENTIFIER = Bass.Regina.flixUITests;
				PRODUCT_NAME = "$(TARGET_NAME)";
				SWIFT_VERSION = 5.0;
				TARGETED_DEVICE_FAMILY = "1,2";
				TEST_TARGET_NAME = flix;
			};
			name = Debug;
		};
		3FF1126B2355517600FE41EC /* Release */ = {
			isa = XCBuildConfiguration;
			baseConfigurationReference = 56C30DA54F0BC31EBA63403E /* Pods-flix-flixUITests.release.xcconfig */;
			buildSettings = {
				ALWAYS_EMBED_SWIFT_STANDARD_LIBRARIES = YES;
				CODE_SIGN_STYLE = Automatic;
				INFOPLIST_FILE = flixUITests/Info.plist;
				LD_RUNPATH_SEARCH_PATHS = (
					"$(inherited)",
					"@executable_path/Frameworks",
					"@loader_path/Frameworks",
				);
				PRODUCT_BUNDLE_IDENTIFIER = Bass.Regina.flixUITests;
				PRODUCT_NAME = "$(TARGET_NAME)";
				SWIFT_VERSION = 5.0;
				TARGETED_DEVICE_FAMILY = "1,2";
				TEST_TARGET_NAME = flix;
			};
			name = Release;
		};
/* End XCBuildConfiguration section */

/* Begin XCConfigurationList section */
		3FF112342355517500FE41EC /* Build configuration list for PBXProject "flix" */ = {
			isa = XCConfigurationList;
			buildConfigurations = (
				3FF112612355517600FE41EC /* Debug */,
				3FF112622355517600FE41EC /* Release */,
			);
			defaultConfigurationIsVisible = 0;
			defaultConfigurationName = Release;
		};
		3FF112632355517600FE41EC /* Build configuration list for PBXNativeTarget "flix" */ = {
			isa = XCConfigurationList;
			buildConfigurations = (
				3FF112642355517600FE41EC /* Debug */,
				3FF112652355517600FE41EC /* Release */,
			);
			defaultConfigurationIsVisible = 0;
			defaultConfigurationName = Release;
		};
		3FF112662355517600FE41EC /* Build configuration list for PBXNativeTarget "flixTests" */ = {
			isa = XCConfigurationList;
			buildConfigurations = (
				3FF112672355517600FE41EC /* Debug */,
				3FF112682355517600FE41EC /* Release */,
			);
			defaultConfigurationIsVisible = 0;
			defaultConfigurationName = Release;
		};
		3FF112692355517600FE41EC /* Build configuration list for PBXNativeTarget "flixUITests" */ = {
			isa = XCConfigurationList;
			buildConfigurations = (
				3FF1126A2355517600FE41EC /* Debug */,
				3FF1126B2355517600FE41EC /* Release */,
			);
			defaultConfigurationIsVisible = 0;
			defaultConfigurationName = Release;
		};
/* End XCConfigurationList section */
	};
	rootObject = 3FF112312355517500FE41EC /* Project object */;
}
